Microsoft Visual Studio Solution File, Format Version 12.00
# Visual Studio 2012
Project("{FAE04EC0-301F-11D3-BF4B-00C04F79EFBC}") = "GridTest", "GridTest.csproj", "{0C8D5DFA-F1DE-47ED-9D7A-4EF55F00364A}"
EndProject
Global
	GlobalSection(SolutionConfigurationPlatforms) = preSolution
	Debug|Any CPU = Debug|Any CPU
	ExportDebug|Any CPU = ExportDebug|Any CPU
	ExportRelease|Any CPU = ExportRelease|Any CPU
	EndGlobalSection
	GlobalSection(ProjectConfigurationPlatforms) = postSolution
		{0C8D5DFA-F1DE-47ED-9D7A-4EF55F00364A}.Debug|Any CPU.ActiveCfg = Debug|Any CPU
		{0C8D5DFA-F1DE-47ED-9D7A-4EF55F00364A}.Debug|Any CPU.Build.0 = Debug|Any CPU
		{0C8D5DFA-F1DE-47ED-9D7A-4EF55F00364A}.ExportDebug|Any CPU.ActiveCfg = ExportDebug|Any CPU
		{0C8D5DFA-F1DE-47ED-9D7A-4EF55F00364A}.ExportDebug|Any CPU.Build.0 = ExportDebug|Any CPU
		{0C8D5DFA-F1DE-47ED-9D7A-4EF55F00364A}.ExportRelease|Any CPU.ActiveCfg = ExportRelease|Any CPU
		{0C8D5DFA-F1DE-47ED-9D7A-4EF55F00364A}.ExportRelease|Any CPU.Build.0 = ExportRelease|Any CPU
	EndGlobalSection
EndGlobal
